
Microsoft Visual Studio Solution File, Format Version 12.00
# Visual Studio Version 17
VisualStudioVersion = 17.1.32421.90
MinimumVisualStudioVersion = 10.0.40219.1
Project("{FAE04EC0-301F-11D3-BF4B-00C04F79EFBC}") = "AlgorithmProblem", "AlgorithmProblem\AlgorithmProblem.csproj", "{DFCF7E51-353E-4FA2-B455-617D15C430A6}"
EndProject
Global
	GlobalSection(SolutionConfigurationPlatforms) = preSolution
		Debug|Any CPU = Debug|Any CPU
		Release|Any CPU = Release|Any CPU
	EndGlobalSection
	GlobalSection(ProjectConfigurationPlatforms) = postSolution
		{DFCF7E51-353E-4FA2-B455-617D15C430A6}.Debug|Any CPU.ActiveCfg = Debug|Any CPU
		{DFCF7E51-353E-4FA2-B455-617D15C430A6}.Debug|Any CPU.Build.0 = Debug|Any CPU
		{DFCF7E51-353E-4FA2-B455-617D15C430A6}.Release|Any CPU.ActiveCfg = Release|Any CPU
		{DFCF7E51-353E-4FA2-B455-617D15C430A6}.Release|Any CPU.Build.0 = Release|Any CPU
	EndGlobalSection
	GlobalSection(SolutionProperties) = preSolution
		HideSolutionNode = FALSE
	EndGlobalSection
	GlobalSection(ExtensibilityGlobals) = postSolution
		SolutionGuid = {44BD30FD-1BAC-4A11-9E65-9347B630AC8E}
	EndGlobalSection
EndGlobal
